
Microsoft Visual Studio Solution File, Format Version 12.00
# Visual Studio Version 17
VisualStudioVersion = 17.3.32804.467
MinimumVisualStudioVersion = 10.0.40219.1
Project("{FAE04EC0-301F-11D3-BF4B-00C04F79EFBC}") = "OOP", "OOP.csproj", "{FBAF50D9-57BE-4264-AA49-3E1A8CE1B093}"
EndProject
Global
	GlobalSection(SolutionConfigurationPlatforms) = preSolution
		Debug|Any CPU = Debug|Any CPU
		Release|Any CPU = Release|Any CPU
	EndGlobalSection
	GlobalSection(ProjectConfigurationPlatforms) = postSolution
		{FBAF50D9-57BE-4264-AA49-3E1A8CE1B093}.Debug|Any CPU.ActiveCfg = Debug|Any CPU
		{FBAF50D9-57BE-4264-AA49-3E1A8CE1B093}.Debug|Any CPU.Build.0 = Debug|Any CPU
		{FBAF50D9-57BE-4264-AA49-3E1A8CE1B093}.Release|Any CPU.ActiveCfg = Release|Any CPU
		{FBAF50D9-57BE-4264-AA49-3E1A8CE1B093}.Release|Any CPU.Build.0 = Release|Any CPU
	EndGlobalSection
	GlobalSection(SolutionProperties) = preSolution
		HideSolutionNode = FALSE
	EndGlobalSection
	GlobalSection(ExtensibilityGlobals) = postSolution
		SolutionGuid = {A01153D7-F534-4DC3-B310-B6B973DFAD26}
	EndGlobalSection
EndGlobal
